
Microsoft Visual Studio Solution File, Format Version 12.00
# Visual Studio Version 16
VisualStudioVersion = 16.0.30907.101
MinimumVisualStudioVersion = 10.0.40219.1
Project("{FAE04EC0-301F-11D3-BF4B-00C04F79EFBC}") = "CursoMVC", "CursoMVC\CursoMVC.csproj", "{DC4782C7-0760-4093-A746-2AE3E8E774D8}"
EndProject
Global
	GlobalSection(SolutionConfigurationPlatforms) = preSolution
		Debug|Any CPU = Debug|Any CPU
		Release|Any CPU = Release|Any CPU
	EndGlobalSection
	GlobalSection(ProjectConfigurationPlatforms) = postSolution
		{DC4782C7-0760-4093-A746-2AE3E8E774D8}.Debug|Any CPU.ActiveCfg = Debug|Any CPU
		{DC4782C7-0760-4093-A746-2AE3E8E774D8}.Debug|Any CPU.Build.0 = Debug|Any CPU
		{DC4782C7-0760-4093-A746-2AE3E8E774D8}.Release|Any CPU.ActiveCfg = Release|Any CPU
		{DC4782C7-0760-4093-A746-2AE3E8E774D8}.Release|Any CPU.Build.0 = Release|Any CPU
	EndGlobalSection
	GlobalSection(SolutionProperties) = preSolution
		HideSolutionNode = FALSE
	EndGlobalSection
	GlobalSection(ExtensibilityGlobals) = postSolution
		SolutionGuid = {8BD401E2-AE34-48E1-9E09-6FC088BC662C}
	EndGlobalSection
EndGlobal
